Microsoft Visual Studio Solution File, Format Version 12.00
# Visual Studio Version 17
VisualStudioVersion = 17.5.2.0
MinimumVisualStudioVersion = 10.0.40219.1
Project("{FAE04EC0-301F-11D3-BF4B-00C04F79EFBC}") = "LetItRip", "LetItRip.csproj", "{67D57755-5B0B-B8FB-DA9F-1657A3635996}"
EndProject
Global
	GlobalSection(SolutionConfigurationPlatforms) = preSolution
		Debug|Any CPU = Debug|Any CPU
		Release|Any CPU = Release|Any CPU
	EndGlobalSection
	GlobalSection(ProjectConfigurationPlatforms) = postSolution
		{67D57755-5B0B-B8FB-DA9F-1657A3635996}.Debug|Any CPU.ActiveCfg = Debug|Any CPU
		{67D57755-5B0B-B8FB-DA9F-1657A3635996}.Debug|Any CPU.Build.0 = Debug|Any CPU
		{67D57755-5B0B-B8FB-DA9F-1657A3635996}.Release|Any CPU.ActiveCfg = Release|Any CPU
		{67D57755-5B0B-B8FB-DA9F-1657A3635996}.Release|Any CPU.Build.0 = Release|Any CPU
	EndGlobalSection
	GlobalSection(SolutionProperties) = preSolution
		HideSolutionNode = FALSE
	EndGlobalSection
	GlobalSection(ExtensibilityGlobals) = postSolution
		SolutionGuid = {558941DD-0307-4BCE-B3B3-9BA108FE17F6}
	EndGlobalSection
EndGlobal
